// !$*UTF8*$!
{
	archiveVersion = 1;
	classes = {
	};
	objectVersion = 56;
	objects = {

/* Begin PBXBuildFile section */
		B2167F3E2DC0EAD200C1E216 /* QuizlyGitApp.swift in Sources */ = {isa = PBXBuildFile; fileRef = B2167F3D2DC0EAD200C1E216 /* QuizlyGitApp.swift */; };
		B2167F402DC0EAD200C1E216 /* ContentView.swift in Sources */ = {isa = PBXBuildFile; fileRef = B2167F3F2DC0EAD200C1E216 /* ContentView.swift */; };
		B2167F422DC0EAD400C1E216 /* Assets.xcassets in Resources */ = {isa = PBXBuildFile; fileRef = B2167F412DC0EAD400C1E216 /* Assets.xcassets */; };
		B2167F452DC0EAD400C1E216 /* Preview Assets.xcassets in Resources */ = {isa = PBXBuildFile; fileRef = B2167F442DC0EAD400C1E216 /* Preview Assets.xcassets */; };
		B2167F4F2DC0EC3A00C1E216 /* FirebaseAppCheck in Frameworks */ = {isa = PBXBuildFile; productRef = B2167F4E2DC0EC3A00C1E216 /* FirebaseAppCheck */; };
		B2167F532DC0EC3A00C1E216 /* FirebaseAuth in Frameworks */ = {isa = PBXBuildFile; productRef = B2167F522DC0EC3A00C1E216 /* FirebaseAuth */; };
		B2167F572DC0EC3A00C1E216 /* FirebaseCore in Frameworks */ = {isa = PBXBuildFile; productRef = B2167F562DC0EC3A00C1E216 /* FirebaseCore */; };
		B2167F592DC0EC3A00C1E216 /* FirebaseCrashlytics in Frameworks */ = {isa = PBXBuildFile; productRef = B2167F582DC0EC3A00C1E216 /* FirebaseCrashlytics */; };
		B2167F5B2DC0EC3A00C1E216 /* FirebaseDatabase in Frameworks */ = {isa = PBXBuildFile; productRef = B2167F5A2DC0EC3A00C1E216 /* FirebaseDatabase */; };
		B2167F5D2DC0EC3A00C1E216 /* FirebaseDynamicLinks in Frameworks */ = {isa = PBXBuildFile; productRef = B2167F5C2DC0EC3A00C1E216 /* FirebaseDynamicLinks */; };
		B2167F5F2DC0EC3A00C1E216 /* FirebaseFirestore in Frameworks */ = {isa = PBXBuildFile; productRef = B2167F5E2DC0EC3A00C1E216 /* FirebaseFirestore */; };
		B2167F632DC0EC3A00C1E216 /* FirebaseFunctions in Frameworks */ = {isa = PBXBuildFile; productRef = B2167F622DC0EC3A00C1E216 /* FirebaseFunctions */; };
		B2167F692DC0EC3A00C1E216 /* FirebaseInstallations in Frameworks */ = {isa = PBXBuildFile; productRef = B2167F682DC0EC3A00C1E216 /* FirebaseInstallations */; };
		B2167F6B2DC0EC3A00C1E216 /* FirebaseMLModelDownloader in Frameworks */ = {isa = PBXBuildFile; productRef = B2167F6A2DC0EC3A00C1E216 /* FirebaseMLModelDownloader */; };
		B2167F6D2DC0EC3A00C1E216 /* FirebaseMessaging in Frameworks */ = {isa = PBXBuildFile; productRef = B2167F6C2DC0EC3A00C1E216 /* FirebaseMessaging */; };
		B2167F6F2DC0EC3A00C1E216 /* FirebasePerformance in Frameworks */ = {isa = PBXBuildFile; productRef = B2167F6E2DC0EC3A00C1E216 /* FirebasePerformance */; };
		B2167F712DC0EC3A00C1E216 /* FirebaseRemoteConfig in Frameworks */ = {isa = PBXBuildFile; productRef = B2167F702DC0EC3A00C1E216 /* FirebaseRemoteConfig */; };
		B2167F732DC0EC3A00C1E216 /* FirebaseStorage in Frameworks */ = {isa = PBXBuildFile; productRef = B2167F722DC0EC3A00C1E216 /* FirebaseStorage */; };
		B2167F752DC0EC3A00C1E216 /* FirebaseStorageCombine-Community in Frameworks */ = {isa = PBXBuildFile; productRef = B2167F742DC0EC3A00C1E216 /* FirebaseStorageCombine-Community */; };
		B2167F772DC0EC3A00C1E216 /* FirebaseVertexAI in Frameworks */ = {isa = PBXBuildFile; productRef = B2167F762DC0EC3A00C1E216 /* FirebaseVertexAI */; };
		B2167F802DC0EFFF00C1E216 /* Profile.swift in Sources */ = {isa = PBXBuildFile; fileRef = B2167F7F2DC0EFFF00C1E216 /* Profile.swift */; };
		B2167F822DC0F1D200C1E216 /* AuthService.swift in Sources */ = {isa = PBXBuildFile; fileRef = B2167F812DC0F1D100C1E216 /* AuthService.swift */; };
		B2167F842DC0F52400C1E216 /* FirestoreService.swift in Sources */ = {isa = PBXBuildFile; fileRef = B2167F832DC0F52400C1E216 /* FirestoreService.swift */; };
		B22812702DC629A500CDBF1E /* SideBarMenuView.swift in Sources */ = {isa = PBXBuildFile; fileRef = B228126F2DC629A500CDBF1E /* SideBarMenuView.swift */; };
		B22812742DC635D700CDBF1E /* Category.swift in Sources */ = {isa = PBXBuildFile; fileRef = B22812732DC635D700CDBF1E /* Category.swift */; };
		B22812762DC6569E00CDBF1E /* QuestionStorage.swift in Sources */ = {isa = PBXBuildFile; fileRef = B22812752DC6569E00CDBF1E /* QuestionStorage.swift */; };
		B22812782DC6631500CDBF1E /* ProfileView.swift in Sources */ = {isa = PBXBuildFile; fileRef = B22812772DC6631500CDBF1E /* ProfileView.swift */; };
		B228127A2DC6633400CDBF1E /* StatisticsView.swift in Sources */ = {isa = PBXBuildFile; fileRef = B22812792DC6633400CDBF1E /* StatisticsView.swift */; };
		B228127C2DC6634500CDBF1E /* SettingsView.swift in Sources */ = {isa = PBXBuildFile; fileRef = B228127B2DC6634500CDBF1E /* SettingsView.swift */; };
		B228127E2DCA7D7200CDBF1E /* AppSettings.swift in Sources */ = {isa = PBXBuildFile; fileRef = B228127D2DCA7D7200CDBF1E /* AppSettings.swift */; };
		B22812802DCA7D8A00CDBF1E /* UserStatistics.swift in Sources */ = {isa = PBXBuildFile; fileRef = B228127F2DCA7D8A00CDBF1E /* UserStatistics.swift */; };
		B22812822DCA7EDF00CDBF1E /* SettingsViewModel.swift in Sources */ = {isa = PBXBuildFile; fileRef = B22812812DCA7EDF00CDBF1E /* SettingsViewModel.swift */; };
		B22812842DCB94FD00CDBF1E /* RatingView.swift in Sources */ = {isa = PBXBuildFile; fileRef = B22812832DCB94FD00CDBF1E /* RatingView.swift */; };
		B22812862DCBA34F00CDBF1E /* GitRank.swift in Sources */ = {isa = PBXBuildFile; fileRef = B22812852DCBA34F00CDBF1E /* GitRank.swift */; };
		B22812882DCBA7AF00CDBF1E /* StatisticsManager.swift in Sources */ = {isa = PBXBuildFile; fileRef = B22812872DCBA7AF00CDBF1E /* StatisticsManager.swift */; };
		B228128A2DCBA89700CDBF1E /* StatisticsViewModel.swift in Sources */ = {isa = PBXBuildFile; fileRef = B22812892DCBA89700CDBF1E /* StatisticsViewModel.swift */; };
		B228128C2DCBC8DE00CDBF1E /* StatCard.swift in Sources */ = {isa = PBXBuildFile; fileRef = B228128B2DCBC8DE00CDBF1E /* StatCard.swift */; };
		B228128E2DCBD31900CDBF1E /* DetailedStatsView.swift in Sources */ = {isa = PBXBuildFile; fileRef = B228128D2DCBD31900CDBF1E /* DetailedStatsView.swift */; };
		B22812922DCBE72400CDBF1E /* LeaderboardViewModel.swift in Sources */ = {isa = PBXBuildFile; fileRef = B22812912DCBE72400CDBF1E /* LeaderboardViewModel.swift */; };
		B22812942DCBE76200CDBF1E /* LeaderboardUser.swift in Sources */ = {isa = PBXBuildFile; fileRef = B22812932DCBE76200CDBF1E /* LeaderboardUser.swift */; };
		B22812962DCCCB6700CDBF1E /* TestSettingsView.swift in Sources */ = {isa = PBXBuildFile; fileRef = B22812952DCCCB6700CDBF1E /* TestSettingsView.swift */; };
		B22812982DDC986B00CDBF1E /* HomeCardView.swift in Sources */ = {isa = PBXBuildFile; fileRef = B22812972DDC986B00CDBF1E /* HomeCardView.swift */; };
		B228129A2DDC98D000CDBF1E /* CategorySelectionView.swift in Sources */ = {isa = PBXBuildFile; fileRef = B22812992DDC98D000CDBF1E /* CategorySelectionView.swift */; };
		B228129C2DDCD5F400CDBF1E /* ProgressBarView.swift in Sources */ = {isa = PBXBuildFile; fileRef = B228129B2DDCD5F400CDBF1E /* ProgressBarView.swift */; };
		B228129E2DDCEFB600CDBF1E /* BackButton.swift in Sources */ = {isa = PBXBuildFile; fileRef = B228129D2DDCEFB600CDBF1E /* BackButton.swift */; };
		B22812A22DE0B5D800CDBF1E /* StatsGrid.swift in Sources */ = {isa = PBXBuildFile; fileRef = B22812A12DE0B5D800CDBF1E /* StatsGrid.swift */; };
		B22812A42DE0BB6700CDBF1E /* LocalizationManager.swift in Sources */ = {isa = PBXBuildFile; fileRef = B22812A32DE0BB6700CDBF1E /* LocalizationManager.swift */; };
		B22812AD2DE0BF2800CDBF1E /* Localizable.strings in Resources */ = {isa = PBXBuildFile; fileRef = B22812AC2DE0BF2800CDBF1E /* Localizable.strings */; };
		B22812B82DE3575D00CDBF1E /* LoadingRingView.swift in Sources */ = {isa = PBXBuildFile; fileRef = B22812B72DE3575D00CDBF1E /* LoadingRingView.swift */; };
		B22812BC2DE37C8000CDBF1E /* ScaleButtonStyle.swift in Sources */ = {isa = PBXBuildFile; fileRef = B22812BB2DE37C8000CDBF1E /* ScaleButtonStyle.swift */; };
		B22812BE2DE37D7700CDBF1E /* ImagePicker.swift in Sources */ = {isa = PBXBuildFile; fileRef = B22812BD2DE37D7700CDBF1E /* ImagePicker.swift */; };
		B22812C02DE37DED00CDBF1E /* NavigationCard.swift in Sources */ = {isa = PBXBuildFile; fileRef = B22812BF2DE37DED00CDBF1E /* NavigationCard.swift */; };
		B22812C32DE37E2500CDBF1E /* MorphButtonStyle.swift in Sources */ = {isa = PBXBuildFile; fileRef = B22812C22DE37E2500CDBF1E /* MorphButtonStyle.swift */; };
		B22812C62DE37F6900CDBF1E /* AnswerCard.swift in Sources */ = {isa = PBXBuildFile; fileRef = B22812C52DE37F6900CDBF1E /* AnswerCard.swift */; };
		B22812C82DE37F9600CDBF1E /* AnswersGrid.swift in Sources */ = {isa = PBXBuildFile; fileRef = B22812C72DE37F9600CDBF1E /* AnswersGrid.swift */; };
		B22812CA2DE37FDA00CDBF1E /* ProgressCounter.swift in Sources */ = {isa = PBXBuildFile; fileRef = B22812C92DE37FDA00CDBF1E /* ProgressCounter.swift */; };
		B22812CC2DE3800500CDBF1E /* CloseButton.swift in Sources */ = {isa = PBXBuildFile; fileRef = B22812CB2DE3800500CDBF1E /* CloseButton.swift */; };
		B22812CE2DE3802400CDBF1E /* HintButton.swift in Sources */ = {isa = PBXBuildFile; fileRef = B22812CD2DE3802400CDBF1E /* HintButton.swift */; };
		B22812D02DE3804800CDBF1E /* NextButton.swift in Sources */ = {isa = PBXBuildFile; fileRef = B22812CF2DE3804800CDBF1E /* NextButton.swift */; };
		B22812D22DE3806E00CDBF1E /* TimeView.swift in Sources */ = {isa = PBXBuildFile; fileRef = B22812D12DE3806E00CDBF1E /* TimeView.swift */; };
		B22812D42DE3882900CDBF1E /* ScaleStyle.swift in Sources */ = {isa = PBXBuildFile; fileRef = B22812D32DE3882900CDBF1E /* ScaleStyle.swift */; };
		B22812D82DE5895F00CDBF1E /* ShuffledQuestion.swift in Sources */ = {isa = PBXBuildFile; fileRef = B22812D72DE5895F00CDBF1E /* ShuffledQuestion.swift */; };
		B22812DA2DE5A69700CDBF1E /* CodeBlock.swift in Sources */ = {isa = PBXBuildFile; fileRef = B22812D92DE5A69700CDBF1E /* CodeBlock.swift */; };
		B22812DE2DE60B7300CDBF1E /* HackerTextView.swift in Sources */ = {isa = PBXBuildFile; fileRef = B22812DD2DE60B7300CDBF1E /* HackerTextView.swift */; };
		B23F38112DC607C200FD440B /* QuizConfig.swift in Sources */ = {isa = PBXBuildFile; fileRef = B23F38102DC607C200FD440B /* QuizConfig.swift */; };
		B2594A082DC2725400ECA24A /* HomeObserved.swift in Sources */ = {isa = PBXBuildFile; fileRef = B2594A072DC2725400ECA24A /* HomeObserved.swift */; };
		B2594A0E2DC3612800ECA24A /* GameViewModel.swift in Sources */ = {isa = PBXBuildFile; fileRef = B2594A0D2DC3612800ECA24A /* GameViewModel.swift */; };
		B2594A122DC3923B00ECA24A /* ResultRow.swift in Sources */ = {isa = PBXBuildFile; fileRef = B2594A112DC3923B00ECA24A /* ResultRow.swift */; };
		B2594A162DC3929700ECA24A /* ErrorView.swift in Sources */ = {isa = PBXBuildFile; fileRef = B2594A152DC3929700ECA24A /* ErrorView.swift */; };
		B2594A182DC392BF00ECA24A /* ResultsView.swift in Sources */ = {isa = PBXBuildFile; fileRef = B2594A172DC392BF00ECA24A /* ResultsView.swift */; };
		B2594A1D2DC3ABFA00ECA24A /* GameView.swift in Sources */ = {isa = PBXBuildFile; fileRef = B2594A1C2DC3ABFA00ECA24A /* GameView.swift */; };
		B2594A1F2DC3C51500ECA24A /* HintView.swift in Sources */ = {isa = PBXBuildFile; fileRef = B2594A1E2DC3C51500ECA24A /* HintView.swift */; };
		B2594A232DC4AC5A00ECA24A /* AnimatedMeshGradient.swift in Sources */ = {isa = PBXBuildFile; fileRef = B2594A222DC4AC5900ECA24A /* AnimatedMeshGradient.swift */; };
		B2594A262DC4E60300ECA24A /* AnimatedSideBar.swift in Sources */ = {isa = PBXBuildFile; fileRef = B2594A252DC4E60300ECA24A /* AnimatedSideBar.swift */; };
		B2E59F4A2DC11E5D00E52208 /* GoogleService-Info.plist in Resources */ = {isa = PBXBuildFile; fileRef = B2E59F492DC11E5D00E52208 /* GoogleService-Info.plist */; };
		B2E59F522DC14B2100E52208 /* HomeView.swift in Sources */ = {isa = PBXBuildFile; fileRef = B2E59F512DC14B2100E52208 /* HomeView.swift */; };
		B2E59F542DC14B3600E52208 /* AuthView.swift in Sources */ = {isa = PBXBuildFile; fileRef = B2E59F532DC14B3600E52208 /* AuthView.swift */; };
		B2E59F562DC14BDF00E52208 /* View+Extensions.swift in Sources */ = {isa = PBXBuildFile; fileRef = B2E59F552DC14BDF00E52208 /* View+Extensions.swift */; };
		B2E59F592DC14C8000E52208 /* ThemeChangeView.swift in Sources */ = {isa = PBXBuildFile; fileRef = B2E59F582DC14C8000E52208 /* ThemeChangeView.swift */; };
		B2E59F5B2DC1EBE500E52208 /* CustomTextField.swift in Sources */ = {isa = PBXBuildFile; fileRef = B2E59F5A2DC1EBE500E52208 /* CustomTextField.swift */; };
		B2E59F5D2DC1FB9000E52208 /* CustomButton.swift in Sources */ = {isa = PBXBuildFile; fileRef = B2E59F5C2DC1FB9000E52208 /* CustomButton.swift */; };
		B2E59F5F2DC21D5400E52208 /* AuthObserved.swift in Sources */ = {isa = PBXBuildFile; fileRef = B2E59F5E2DC21D5400E52208 /* AuthObserved.swift */; };
		B2E59F612DC226EB00E52208 /* Question.swift in Sources */ = {isa = PBXBuildFile; fileRef = B2E59F602DC226EB00E52208 /* Question.swift */; };
/* End PBXBuildFile section */

/* Begin PBXFileReference section */
		B2167F3A2DC0EAD200C1E216 /* QuizlyGit.app */ = {isa = PBXFileReference; explicitFileType = wrapper.application; includeInIndex = 0; path = QuizlyGit.app; sourceTree = BUILT_PRODUCTS_DIR; };
		B2167F3D2DC0EAD200C1E216 /* QuizlyGitApp.swift */ = {isa = PBXFileReference; lastKnownFileType = sourcecode.swift; path = QuizlyGitApp.swift; sourceTree = "<group>"; };
		B2167F3F2DC0EAD200C1E216 /* ContentView.swift */ = {isa = PBXFileReference; lastKnownFileType = sourcecode.swift; path = ContentView.swift; sourceTree = "<group>"; };
		B2167F412DC0EAD400C1E216 /* Assets.xcassets */ = {isa = PBXFileReference; lastKnownFileType = folder.assetcatalog; path = Assets.xcassets; sourceTree = "<group>"; };
		B2167F442DC0EAD400C1E216 /* Preview Assets.xcassets */ = {isa = PBXFileReference; lastKnownFileType = folder.assetcatalog; path = "Preview Assets.xcassets"; sourceTree = "<group>"; };
		B2167F7F2DC0EFFF00C1E216 /* Profile.swift */ = {isa = PBXFileReference; lastKnownFileType = sourcecode.swift; path = Profile.swift; sourceTree = "<group>"; };
		B2167F812DC0F1D100C1E216 /* AuthService.swift */ = {isa = PBXFileReference; lastKnownFileType = sourcecode.swift; path = AuthService.swift; sourceTree = "<group>"; };
		B2167F832DC0F52400C1E216 /* FirestoreService.swift */ = {isa = PBXFileReference; lastKnownFileType = sourcecode.swift; path = FirestoreService.swift; sourceTree = "<group>"; };
		B228126F2DC629A500CDBF1E /* SideBarMenuView.swift */ = {isa = PBXFileReference; lastKnownFileType = sourcecode.swift; path = SideBarMenuView.swift; sourceTree = "<group>"; };
		B22812732DC635D700CDBF1E /* Category.swift */ = {isa = PBXFileReference; lastKnownFileType = sourcecode.swift; path = Category.swift; sourceTree = "<group>"; };
		B22812752DC6569E00CDBF1E /* QuestionStorage.swift */ = {isa = PBXFileReference; lastKnownFileType = sourcecode.swift; path = QuestionStorage.swift; sourceTree = "<group>"; };
		B22812772DC6631500CDBF1E /* ProfileView.swift */ = {isa = PBXFileReference; lastKnownFileType = sourcecode.swift; path = ProfileView.swift; sourceTree = "<group>"; };
		B22812792DC6633400CDBF1E /* StatisticsView.swift */ = {isa = PBXFileReference; lastKnownFileType = sourcecode.swift; path = StatisticsView.swift; sourceTree = "<group>"; };
		B228127B2DC6634500CDBF1E /* SettingsView.swift */ = {isa = PBXFileReference; lastKnownFileType = sourcecode.swift; path = SettingsView.swift; sourceTree = "<group>"; };
		B228127D2DCA7D7200CDBF1E /* AppSettings.swift */ = {isa = PBXFileReference; lastKnownFileType = sourcecode.swift; path = AppSettings.swift; sourceTree = "<group>"; };
		B228127F2DCA7D8A00CDBF1E /* UserStatistics.swift */ = {isa = PBXFileReference; lastKnownFileType = sourcecode.swift; path = UserStatistics.swift; sourceTree = "<group>"; };
		B22812812DCA7EDF00CDBF1E /* SettingsViewModel.swift */ = {isa = PBXFileReference; lastKnownFileType = sourcecode.swift; path = SettingsViewModel.swift; sourceTree = "<group>"; };
		B22812832DCB94FD00CDBF1E /* RatingView.swift */ = {isa = PBXFileReference; lastKnownFileType = sourcecode.swift; path = RatingView.swift; sourceTree = "<group>"; };
		B22812852DCBA34F00CDBF1E /* GitRank.swift */ = {isa = PBXFileReference; lastKnownFileType = sourcecode.swift; path = GitRank.swift; sourceTree = "<group>"; };
		B22812872DCBA7AF00CDBF1E /* StatisticsManager.swift */ = {isa = PBXFileReference; lastKnownFileType = sourcecode.swift; path = StatisticsManager.swift; sourceTree = "<group>"; };
		B22812892DCBA89700CDBF1E /* StatisticsViewModel.swift */ = {isa = PBXFileReference; lastKnownFileType = sourcecode.swift; path = StatisticsViewModel.swift; sourceTree = "<group>"; };
		B228128B2DCBC8DE00CDBF1E /* StatCard.swift */ = {isa = PBXFileReference; lastKnownFileType = sourcecode.swift; path = StatCard.swift; sourceTree = "<group>"; };
		B228128D2DCBD31900CDBF1E /* DetailedStatsView.swift */ = {isa = PBXFileReference; lastKnownFileType = sourcecode.swift; path = DetailedStatsView.swift; sourceTree = "<group>"; };
		B22812912DCBE72400CDBF1E /* LeaderboardViewModel.swift */ = {isa = PBXFileReference; lastKnownFileType = sourcecode.swift; path = LeaderboardViewModel.swift; sourceTree = "<group>"; };
		B22812932DCBE76200CDBF1E /* LeaderboardUser.swift */ = {isa = PBXFileReference; lastKnownFileType = sourcecode.swift; path = LeaderboardUser.swift; sourceTree = "<group>"; };
		B22812952DCCCB6700CDBF1E /* TestSettingsView.swift */ = {isa = PBXFileReference; lastKnownFileType = sourcecode.swift; path = TestSettingsView.swift; sourceTree = "<group>"; };
		B22812972DDC986B00CDBF1E /* HomeCardView.swift */ = {isa = PBXFileReference; lastKnownFileType = sourcecode.swift; path = HomeCardView.swift; sourceTree = "<group>"; };
		B22812992DDC98D000CDBF1E /* CategorySelectionView.swift */ = {isa = PBXFileReference; lastKnownFileType = sourcecode.swift; path = CategorySelectionView.swift; sourceTree = "<group>"; };
		B228129B2DDCD5F400CDBF1E /* ProgressBarView.swift */ = {isa = PBXFileReference; lastKnownFileType = sourcecode.swift; path = ProgressBarView.swift; sourceTree = "<group>"; };
		B228129D2DDCEFB600CDBF1E /* BackButton.swift */ = {isa = PBXFileReference; lastKnownFileType = sourcecode.swift; path = BackButton.swift; sourceTree = "<group>"; };
		B22812A12DE0B5D800CDBF1E /* StatsGrid.swift */ = {isa = PBXFileReference; lastKnownFileType = sourcecode.swift; path = StatsGrid.swift; sourceTree = "<group>"; };
		B22812A32DE0BB6700CDBF1E /* LocalizationManager.swift */ = {isa = PBXFileReference; lastKnownFileType = sourcecode.swift; path = LocalizationManager.swift; sourceTree = "<group>"; };
		B22812AB2DE0BF2800CDBF1E /* en */ = {isa = PBXFileReference; lastKnownFileType = text.plist.strings; name = en; path = en.lproj/Localizable.strings; sourceTree = "<group>"; };
		B22812B12DE0FE2300CDBF1E /* ru */ = {isa = PBXFileReference; lastKnownFileType = text.plist.strings; name = ru; path = ru.lproj/Localizable.strings; sourceTree = "<group>"; };
		B22812B72DE3575D00CDBF1E /* LoadingRingView.swift */ = {isa = PBXFileReference; lastKnownFileType = sourcecode.swift; path = LoadingRingView.swift; sourceTree = "<group>"; };
		B22812BB2DE37C8000CDBF1E /* ScaleButtonStyle.swift */ = {isa = PBXFileReference; lastKnownFileType = sourcecode.swift; path = ScaleButtonStyle.swift; sourceTree = "<group>"; };
		B22812BD2DE37D7700CDBF1E /* ImagePicker.swift */ = {isa = PBXFileReference; lastKnownFileType = sourcecode.swift; path = ImagePicker.swift; sourceTree = "<group>"; };
		B22812BF2DE37DED00CDBF1E /* NavigationCard.swift */ = {isa = PBXFileReference; lastKnownFileType = sourcecode.swift; path = NavigationCard.swift; sourceTree = "<group>"; };
		B22812C22DE37E2500CDBF1E /* MorphButtonStyle.swift */ = {isa = PBXFileReference; lastKnownFileType = sourcecode.swift; path = MorphButtonStyle.swift; sourceTree = "<group>"; };
		B22812C52DE37F6900CDBF1E /* AnswerCard.swift */ = {isa = PBXFileReference; lastKnownFileType = sourcecode.swift; path = AnswerCard.swift; sourceTree = "<group>"; };
		B22812C72DE37F9600CDBF1E /* AnswersGrid.swift */ = {isa = PBXFileReference; lastKnownFileType = sourcecode.swift; path = AnswersGrid.swift; sourceTree = "<group>"; };
		B22812C92DE37FDA00CDBF1E /* ProgressCounter.swift */ = {isa = PBXFileReference; lastKnownFileType = sourcecode.swift; path = ProgressCounter.swift; sourceTree = "<group>"; };
		B22812CB2DE3800500CDBF1E /* CloseButton.swift */ = {isa = PBXFileReference; lastKnownFileType = sourcecode.swift; path = CloseButton.swift; sourceTree = "<group>"; };
		B22812CD2DE3802400CDBF1E /* HintButton.swift */ = {isa = PBXFileReference; lastKnownFileType = sourcecode.swift; path = HintButton.swift; sourceTree = "<group>"; };
		B22812CF2DE3804800CDBF1E /* NextButton.swift */ = {isa = PBXFileReference; lastKnownFileType = sourcecode.swift; path = NextButton.swift; sourceTree = "<group>"; };
		B22812D12DE3806E00CDBF1E /* TimeView.swift */ = {isa = PBXFileReference; lastKnownFileType = sourcecode.swift; path = TimeView.swift; sourceTree = "<group>"; };
		B22812D32DE3882900CDBF1E /* ScaleStyle.swift */ = {isa = PBXFileReference; lastKnownFileType = sourcecode.swift; path = ScaleStyle.swift; sourceTree = "<group>"; };
		B22812D72DE5895F00CDBF1E /* ShuffledQuestion.swift */ = {isa = PBXFileReference; lastKnownFileType = sourcecode.swift; path = ShuffledQuestion.swift; sourceTree = "<group>"; };
		B22812D92DE5A69700CDBF1E /* CodeBlock.swift */ = {isa = PBXFileReference; lastKnownFileType = sourcecode.swift; path = CodeBlock.swift; sourceTree = "<group>"; };
		B22812DD2DE60B7300CDBF1E /* HackerTextView.swift */ = {isa = PBXFileReference; lastKnownFileType = sourcecode.swift; path = HackerTextView.swift; sourceTree = "<group>"; };
		B23F38102DC607C200FD440B /* QuizConfig.swift */ = {isa = PBXFileReference; lastKnownFileType = sourcecode.swift; path = QuizConfig.swift; sourceTree = "<group>"; };
		B2594A072DC2725400ECA24A /* HomeObserved.swift */ = {isa = PBXFileReference; lastKnownFileType = sourcecode.swift; path = HomeObserved.swift; sourceTree = "<group>"; };
		B2594A0D2DC3612800ECA24A /* GameViewModel.swift */ = {isa = PBXFileReference; lastKnownFileType = sourcecode.swift; path = GameViewModel.swift; sourceTree = "<group>"; };
		B2594A112DC3923B00ECA24A /* ResultRow.swift */ = {isa = PBXFileReference; lastKnownFileType = sourcecode.swift; path = ResultRow.swift; sourceTree = "<group>"; };
		B2594A152DC3929700ECA24A /* ErrorView.swift */ = {isa = PBXFileReference; lastKnownFileType = sourcecode.swift; path = ErrorView.swift; sourceTree = "<group>"; };
		B2594A172DC392BF00ECA24A /* ResultsView.swift */ = {isa = PBXFileReference; lastKnownFileType = sourcecode.swift; path = ResultsView.swift; sourceTree = "<group>"; };
		B2594A1C2DC3ABFA00ECA24A /* GameView.swift */ = {isa = PBXFileReference; lastKnownFileType = sourcecode.swift; path = GameView.swift; sourceTree = "<group>"; };
		B2594A1E2DC3C51500ECA24A /* HintView.swift */ = {isa = PBXFileReference; lastKnownFileType = sourcecode.swift; path = HintView.swift; sourceTree = "<group>"; };
		B2594A222DC4AC5900ECA24A /* AnimatedMeshGradient.swift */ = {isa = PBXFileReference; lastKnownFileType = sourcecode.swift; path = AnimatedMeshGradient.swift; sourceTree = "<group>"; };
		B2594A252DC4E60300ECA24A /* AnimatedSideBar.swift */ = {isa = PBXFileReference; lastKnownFileType = sourcecode.swift; path = AnimatedSideBar.swift; sourceTree = "<group>"; };
		B2E59F492DC11E5D00E52208 /* GoogleService-Info.plist */ = {isa = PBXFileReference; lastKnownFileType = text.plist.xml; path = "GoogleService-Info.plist"; sourceTree = "<group>"; };
		B2E59F512DC14B2100E52208 /* HomeView.swift */ = {isa = PBXFileReference; lastKnownFileType = sourcecode.swift; path = HomeView.swift; sourceTree = "<group>"; };
		B2E59F532DC14B3600E52208 /* AuthView.swift */ = {isa = PBXFileReference; lastKnownFileType = sourcecode.swift; path = AuthView.swift; sourceTree = "<group>"; };
		B2E59F552DC14BDF00E52208 /* View+Extensions.swift */ = {isa = PBXFileReference; lastKnownFileType = sourcecode.swift; path = "View+Extensions.swift"; sourceTree = "<group>"; };
		B2E59F582DC14C8000E52208 /* ThemeChangeView.swift */ = {isa = PBXFileReference; lastKnownFileType = sourcecode.swift; path = ThemeChangeView.swift; sourceTree = "<group>"; };
		B2E59F5A2DC1EBE500E52208 /* CustomTextField.swift */ = {isa = PBXFileReference; lastKnownFileType = sourcecode.swift; path = CustomTextField.swift; sourceTree = "<group>"; };
		B2E59F5C2DC1FB9000E52208 /* CustomButton.swift */ = {isa = PBXFileReference; lastKnownFileType = sourcecode.swift; path = CustomButton.swift; sourceTree = "<group>"; };
		B2E59F5E2DC21D5400E52208 /* AuthObserved.swift */ = {isa = PBXFileReference; lastKnownFileType = sourcecode.swift; path = AuthObserved.swift; sourceTree = "<group>"; };
		B2E59F602DC226EB00E52208 /* Question.swift */ = {isa = PBXFileReference; lastKnownFileType = sourcecode.swift; path = Question.swift; sourceTree = "<group>"; };
/* End PBXFileReference section */

/* Begin PBXFrameworksBuildPhase section */
		B2167F372DC0EAD200C1E216 /* Frameworks */ = {
			isa = PBXFrameworksBuildPhase;
			buildActionMask = 2147483647;
			files = (
				B2167F6D2DC0EC3A00C1E216 /* FirebaseMessaging in Frameworks */,
				B2167F752DC0EC3A00C1E216 /* FirebaseStorageCombine-Community in Frameworks */,
				B2167F692DC0EC3A00C1E216 /* FirebaseInstallations in Frameworks */,
				B2167F772DC0EC3A00C1E216 /* FirebaseVertexAI in Frameworks */,
				B2167F4F2DC0EC3A00C1E216 /* FirebaseAppCheck in Frameworks */,
				B2167F572DC0EC3A00C1E216 /* FirebaseCore in Frameworks */,
				B2167F532DC0EC3A00C1E216 /* FirebaseAuth in Frameworks */,
				B2167F5D2DC0EC3A00C1E216 /* FirebaseDynamicLinks in Frameworks */,
				B2167F592DC0EC3A00C1E216 /* FirebaseCrashlytics in Frameworks */,
				B2167F732DC0EC3A00C1E216 /* FirebaseStorage in Frameworks */,
				B2167F712DC0EC3A00C1E216 /* FirebaseRemoteConfig in Frameworks */,
				B2167F6F2DC0EC3A00C1E216 /* FirebasePerformance in Frameworks */,
				B2167F5F2DC0EC3A00C1E216 /* FirebaseFirestore in Frameworks */,
				B2167F5B2DC0EC3A00C1E216 /* FirebaseDatabase in Frameworks */,
				B2167F632DC0EC3A00C1E216 /* FirebaseFunctions in Frameworks */,
				B2167F6B2DC0EC3A00C1E216 /* FirebaseMLModelDownloader in Frameworks */,
			);
			runOnlyForDeploymentPostprocessing = 0;
		};
/* End PBXFrameworksBuildPhase section */

/* Begin PBXGroup section */
		B2167F312DC0EAD200C1E216 = {
			isa = PBXGroup;
			children = (
				B2167F3C2DC0EAD200C1E216 /* QuizlyGit */,
				B2167F3B2DC0EAD200C1E216 /* Products */,
				B2167F852DC0FE4100C1E216 /* Frameworks */,
			);
			sourceTree = "<group>";
		};
		B2167F3B2DC0EAD200C1E216 /* Products */ = {
			isa = PBXGroup;
			children = (
				B2167F3A2DC0EAD200C1E216 /* QuizlyGit.app */,
			);
			name = Products;
			sourceTree = "<group>";
		};
		B2167F3C2DC0EAD200C1E216 /* QuizlyGit */ = {
			isa = PBXGroup;
			children = (
				B2594A192DC3938200ECA24A /* Observed */,
				B2167F7E2DC0EFC800C1E216 /* Identifiaeble */,
				B2167F7B2DC0ECC300C1E216 /* View */,
				B2167F7A2DC0ECBA00C1E216 /* DataModel */,
				B2167F792DC0ECAF00C1E216 /* Helpers */,
				B2167F782DC0ECA300C1E216 /* Services */,
				B2167F3D2DC0EAD200C1E216 /* QuizlyGitApp.swift */,
				B2167F3F2DC0EAD200C1E216 /* ContentView.swift */,
				B2E59F492DC11E5D00E52208 /* GoogleService-Info.plist */,
				B2167F412DC0EAD400C1E216 /* Assets.xcassets */,
				B2167F432DC0EAD400C1E216 /* Preview Content */,
			);
			path = QuizlyGit;
			sourceTree = "<group>";
		};
		B2167F432DC0EAD400C1E216 /* Preview Content */ = {
			isa = PBXGroup;
			children = (
				B2167F442DC0EAD400C1E216 /* Preview Assets.xcassets */,
			);
			path = "Preview Content";
			sourceTree = "<group>";
		};
		B2167F782DC0ECA300C1E216 /* Services */ = {
			isa = PBXGroup;
			children = (
				B22812A32DE0BB6700CDBF1E /* LocalizationManager.swift */,
				B22812872DCBA7AF00CDBF1E /* StatisticsManager.swift */,
				B22812752DC6569E00CDBF1E /* QuestionStorage.swift */,
				B2167F812DC0F1D100C1E216 /* AuthService.swift */,
				B2167F832DC0F52400C1E216 /* FirestoreService.swift */,
			);
			path = Services;
			sourceTree = "<group>";
		};
		B2167F792DC0ECAF00C1E216 /* Helpers */ = {
			isa = PBXGroup;
			children = (
				B22812852DCBA34F00CDBF1E /* GitRank.swift */,
				B2E59F552DC14BDF00E52208 /* View+Extensions.swift */,
				B22812AC2DE0BF2800CDBF1E /* Localizable.strings */,
			);
			path = Helpers;
			sourceTree = "<group>";
		};
		B2167F7A2DC0ECBA00C1E216 /* DataModel */ = {
			isa = PBXGroup;
			children = (
				B22812932DCBE76200CDBF1E /* LeaderboardUser.swift */,
				B23F38102DC607C200FD440B /* QuizConfig.swift */,
				B228127D2DCA7D7200CDBF1E /* AppSettings.swift */,
				B228127F2DCA7D8A00CDBF1E /* UserStatistics.swift */,
			);
			path = DataModel;
			sourceTree = "<group>";
		};
		B2167F7B2DC0ECC300C1E216 /* View */ = {
			isa = PBXGroup;
			children = (
				B2594A242DC4E56600ECA24A /* ViewHelpers */,
				B2E59F572DC14C4C00E52208 /* Components */,
				B2594A042DC26FAC00ECA24A /* ViewModel */,
				B2594A1C2DC3ABFA00ECA24A /* GameView.swift */,
				B2594A172DC392BF00ECA24A /* ResultsView.swift */,
				B2E59F512DC14B2100E52208 /* HomeView.swift */,
				B2E59F532DC14B3600E52208 /* AuthView.swift */,
				B22812772DC6631500CDBF1E /* ProfileView.swift */,
				B228127B2DC6634500CDBF1E /* SettingsView.swift */,
				B22812792DC6633400CDBF1E /* StatisticsView.swift */,
				B22812832DCB94FD00CDBF1E /* RatingView.swift */,
			);
			path = View;
			sourceTree = "<group>";
		};
		B2167F7E2DC0EFC800C1E216 /* Identifiaeble */ = {
			isa = PBXGroup;
			children = (
				B22812D72DE5895F00CDBF1E /* ShuffledQuestion.swift */,
				B22812732DC635D700CDBF1E /* Category.swift */,
				B2167F7F2DC0EFFF00C1E216 /* Profile.swift */,
				B2E59F602DC226EB00E52208 /* Question.swift */,
			);
			path = Identifiaeble;
			sourceTree = "<group>";
		};
		B2167F852DC0FE4100C1E216 /* Frameworks */ = {
			isa = PBXGroup;
			children = (
			);
			name = Frameworks;
			sourceTree = "<group>";
		};
		B228128F2DCBD65C00CDBF1E /* Game */ = {
			isa = PBXGroup;
			children = (
				B22812C42DE37F3B00CDBF1E /* Comp_for_game */,
				B228129B2DDCD5F400CDBF1E /* ProgressBarView.swift */,
				B22812992DDC98D000CDBF1E /* CategorySelectionView.swift */,
				B22812972DDC986B00CDBF1E /* HomeCardView.swift */,
				B22812952DCCCB6700CDBF1E /* TestSettingsView.swift */,
				B2594A112DC3923B00ECA24A /* ResultRow.swift */,
				B2594A152DC3929700ECA24A /* ErrorView.swift */,
				B2594A1E2DC3C51500ECA24A /* HintView.swift */,
			);
			path = Game;
			sourceTree = "<group>";
		};
		B22812902DCBD66700CDBF1E /* Stat */ = {
			isa = PBXGroup;
			children = (
				B22812A12DE0B5D800CDBF1E /* StatsGrid.swift */,
				B228128D2DCBD31900CDBF1E /* DetailedStatsView.swift */,
				B228128B2DCBC8DE00CDBF1E /* StatCard.swift */,
			);
			path = Stat;
			sourceTree = "<group>";
		};
		B22812C12DE37E1C00CDBF1E /* Style */ = {
			isa = PBXGroup;
			children = (
				B22812D92DE5A69700CDBF1E /* CodeBlock.swift */,
				B22812D32DE3882900CDBF1E /* ScaleStyle.swift */,
				B22812C22DE37E2500CDBF1E /* MorphButtonStyle.swift */,
				B22812BB2DE37C8000CDBF1E /* ScaleButtonStyle.swift */,
				B22812DD2DE60B7300CDBF1E /* HackerTextView.swift */,
			);
			path = Style;
			sourceTree = "<group>";
		};
		B22812C42DE37F3B00CDBF1E /* Comp_for_game */ = {
			isa = PBXGroup;
			children = (
				B22812D12DE3806E00CDBF1E /* TimeView.swift */,
				B22812C92DE37FDA00CDBF1E /* ProgressCounter.swift */,
				B22812C72DE37F9600CDBF1E /* AnswersGrid.swift */,
				B22812C52DE37F6900CDBF1E /* AnswerCard.swift */,
			);
			path = Comp_for_game;
			sourceTree = "<group>";
		};
		B2594A042DC26FAC00ECA24A /* ViewModel */ = {
			isa = PBXGroup;
			children = (
				B22812912DCBE72400CDBF1E /* LeaderboardViewModel.swift */,
				B22812892DCBA89700CDBF1E /* StatisticsViewModel.swift */,
				B22812812DCA7EDF00CDBF1E /* SettingsViewModel.swift */,
				B2594A0D2DC3612800ECA24A /* GameViewModel.swift */,
			);
			path = ViewModel;
			sourceTree = "<group>";
		};
		B2594A192DC3938200ECA24A /* Observed */ = {
			isa = PBXGroup;
			children = (
				B2594A072DC2725400ECA24A /* HomeObserved.swift */,
				B2E59F5E2DC21D5400E52208 /* AuthObserved.swift */,
			);
			path = Observed;
			sourceTree = "<group>";
		};
		B2594A242DC4E56600ECA24A /* ViewHelpers */ = {
			isa = PBXGroup;
			children = (
				B22812C12DE37E1C00CDBF1E /* Style */,
				B22812BF2DE37DED00CDBF1E /* NavigationCard.swift */,
				B22812BD2DE37D7700CDBF1E /* ImagePicker.swift */,
				B22812B72DE3575D00CDBF1E /* LoadingRingView.swift */,
				B2E59F582DC14C8000E52208 /* ThemeChangeView.swift */,
				B2594A252DC4E60300ECA24A /* AnimatedSideBar.swift */,
			);
			path = ViewHelpers;
			sourceTree = "<group>";
		};
		B2E59F572DC14C4C00E52208 /* Components */ = {
			isa = PBXGroup;
			children = (
				B22812CF2DE3804800CDBF1E /* NextButton.swift */,
				B22812CD2DE3802400CDBF1E /* HintButton.swift */,
				B22812CB2DE3800500CDBF1E /* CloseButton.swift */,
				B228129D2DDCEFB600CDBF1E /* BackButton.swift */,
				B22812902DCBD66700CDBF1E /* Stat */,
				B228128F2DCBD65C00CDBF1E /* Game */,
				B2E59F5A2DC1EBE500E52208 /* CustomTextField.swift */,
				B2E59F5C2DC1FB9000E52208 /* CustomButton.swift */,
				B2594A222DC4AC5900ECA24A /* AnimatedMeshGradient.swift */,
				B228126F2DC629A500CDBF1E /* SideBarMenuView.swift */,
			);
			path = Components;
			sourceTree = "<group>";
		};
/* End PBXGroup section */

/* Begin PBXNativeTarget section */
		B2167F392DC0EAD200C1E216 /* QuizlyGit */ = {
			isa = PBXNativeTarget;
			buildConfigurationList = B2167F482DC0EAD400C1E216 /* Build configuration list for PBXNativeTarget "QuizlyGit" */;
			buildPhases = (
				B2167F362DC0EAD200C1E216 /* Sources */,
				B2167F372DC0EAD200C1E216 /* Frameworks */,
				B2167F382DC0EAD200C1E216 /* Resources */,
			);
			buildRules = (
			);
			dependencies = (
			);
			name = QuizlyGit;
			packageProductDependencies = (
				B2167F4E2DC0EC3A00C1E216 /* FirebaseAppCheck */,
				B2167F522DC0EC3A00C1E216 /* FirebaseAuth */,
				B2167F562DC0EC3A00C1E216 /* FirebaseCore */,
				B2167F582DC0EC3A00C1E216 /* FirebaseCrashlytics */,
				B2167F5A2DC0EC3A00C1E216 /* FirebaseDatabase */,
				B2167F5C2DC0EC3A00C1E216 /* FirebaseDynamicLinks */,
				B2167F5E2DC0EC3A00C1E216 /* FirebaseFirestore */,
				B2167F622DC0EC3A00C1E216 /* FirebaseFunctions */,
				B2167F682DC0EC3A00C1E216 /* FirebaseInstallations */,
				B2167F6A2DC0EC3A00C1E216 /* FirebaseMLModelDownloader */,
				B2167F6C2DC0EC3A00C1E216 /* FirebaseMessaging */,
				B2167F6E2DC0EC3A00C1E216 /* FirebasePerformance */,
				B2167F702DC0EC3A00C1E216 /* FirebaseRemoteConfig */,
				B2167F722DC0EC3A00C1E216 /* FirebaseStorage */,
				B2167F742DC0EC3A00C1E216 /* FirebaseStorageCombine-Community */,
				B2167F762DC0EC3A00C1E216 /* FirebaseVertexAI */,
			);
			productName = QuizlyGit;
			productReference = B2167F3A2DC0EAD200C1E216 /* QuizlyGit.app */;
			productType = "com.apple.product-type.application";
		};
/* End PBXNativeTarget section */

/* Begin PBXProject section */
		B2167F322DC0EAD200C1E216 /* Project object */ = {
			isa = PBXProject;
			attributes = {
				BuildIndependentTargetsInParallel = 1;
				LastSwiftUpdateCheck = 1500;
				LastUpgradeCheck = 1500;
				TargetAttributes = {
					B2167F392DC0EAD200C1E216 = {
						CreatedOnToolsVersion = 15.0;
					};
				};
			};
			buildConfigurationList = B2167F352DC0EAD200C1E216 /* Build configuration list for PBXProject "QuizlyGit" */;
			compatibilityVersion = "Xcode 14.0";
			developmentRegion = en;
			hasScannedForEncodings = 0;
			knownRegions = (
				en,
				Base,
				ru,
			);
			mainGroup = B2167F312DC0EAD200C1E216;
			packageReferences = (
				B2167F4D2DC0EC3A00C1E216 /* XCRemoteSwiftPackageReference "firebase-ios-sdk" */,
			);
			productRefGroup = B2167F3B2DC0EAD200C1E216 /* Products */;
			projectDirPath = "";
			projectRoot = "";
			targets = (
				B2167F392DC0EAD200C1E216 /* QuizlyGit */,
			);
		};
/* End PBXProject section */

/* Begin PBXResourcesBuildPhase section */
		B2167F382DC0EAD200C1E216 /* Resources */ = {
			isa = PBXResourcesBuildPhase;
			buildActionMask = 2147483647;
			files = (
				B2167F452DC0EAD400C1E216 /* Preview Assets.xcassets in Resources */,
				B22812AD2DE0BF2800CDBF1E /* Localizable.strings in Resources */,
				B2167F422DC0EAD400C1E216 /* Assets.xcassets in Resources */,
				B2E59F4A2DC11E5D00E52208 /* GoogleService-Info.plist in Resources */,
			);
			runOnlyForDeploymentPostprocessing = 0;
		};
/* End PBXResourcesBuildPhase section */

/* Begin PBXSourcesBuildPhase section */
		B2167F362DC0EAD200C1E216 /* Sources */ = {
			isa = PBXSourcesBuildPhase;
			buildActionMask = 2147483647;
			files = (
				B22812942DCBE76200CDBF1E /* LeaderboardUser.swift in Sources */,
				B22812762DC6569E00CDBF1E /* QuestionStorage.swift in Sources */,
				B2E59F5B2DC1EBE500E52208 /* CustomTextField.swift in Sources */,
				B2E59F562DC14BDF00E52208 /* View+Extensions.swift in Sources */,
				B2E59F522DC14B2100E52208 /* HomeView.swift in Sources */,
				B22812A22DE0B5D800CDBF1E /* StatsGrid.swift in Sources */,
				B22812DA2DE5A69700CDBF1E /* CodeBlock.swift in Sources */,
				B2E59F5F2DC21D5400E52208 /* AuthObserved.swift in Sources */,
				B2594A1F2DC3C51500ECA24A /* HintView.swift in Sources */,
				B22812742DC635D700CDBF1E /* Category.swift in Sources */,
				B22812922DCBE72400CDBF1E /* LeaderboardViewModel.swift in Sources */,
				B2E59F612DC226EB00E52208 /* Question.swift in Sources */,
				B2167F842DC0F52400C1E216 /* FirestoreService.swift in Sources */,
				B22812D42DE3882900CDBF1E /* ScaleStyle.swift in Sources */,
				B22812862DCBA34F00CDBF1E /* GitRank.swift in Sources */,
				B22812C82DE37F9600CDBF1E /* AnswersGrid.swift in Sources */,
				B22812BE2DE37D7700CDBF1E /* ImagePicker.swift in Sources */,
				B22812A42DE0BB6700CDBF1E /* LocalizationManager.swift in Sources */,
				B22812CA2DE37FDA00CDBF1E /* ProgressCounter.swift in Sources */,
				B22812D22DE3806E00CDBF1E /* TimeView.swift in Sources */,
				B228129E2DDCEFB600CDBF1E /* BackButton.swift in Sources */,
				B2594A0E2DC3612800ECA24A /* GameViewModel.swift in Sources */,
				B2167F802DC0EFFF00C1E216 /* Profile.swift in Sources */,
				B2594A082DC2725400ECA24A /* HomeObserved.swift in Sources */,
				B228129A2DDC98D000CDBF1E /* CategorySelectionView.swift in Sources */,
				B22812DE2DE60B7300CDBF1E /* HackerTextView.swift in Sources */,
				B22812CC2DE3800500CDBF1E /* CloseButton.swift in Sources */,
				B22812822DCA7EDF00CDBF1E /* SettingsViewModel.swift in Sources */,
				B22812802DCA7D8A00CDBF1E /* UserStatistics.swift in Sources */,
				B22812B82DE3575D00CDBF1E /* LoadingRingView.swift in Sources */,
				B22812BC2DE37C8000CDBF1E /* ScaleButtonStyle.swift in Sources */,
				B22812882DCBA7AF00CDBF1E /* StatisticsManager.swift in Sources */,
				B228128A2DCBA89700CDBF1E /* StatisticsViewModel.swift in Sources */,
				B22812702DC629A500CDBF1E /* SideBarMenuView.swift in Sources */,
				B22812D02DE3804800CDBF1E /* NextButton.swift in Sources */,
				B22812842DCB94FD00CDBF1E /* RatingView.swift in Sources */,
				B228128C2DCBC8DE00CDBF1E /* StatCard.swift in Sources */,
				B2167F822DC0F1D200C1E216 /* AuthService.swift in Sources */,
				B2594A262DC4E60300ECA24A /* AnimatedSideBar.swift in Sources */,
				B22812962DCCCB6700CDBF1E /* TestSettingsView.swift in Sources */,
				B2167F402DC0EAD200C1E216 /* ContentView.swift in Sources */,
				B2E59F5D2DC1FB9000E52208 /* CustomButton.swift in Sources */,
				B22812C62DE37F6900CDBF1E /* AnswerCard.swift in Sources */,
				B228127C2DC6634500CDBF1E /* SettingsView.swift in Sources */,
				B2E59F542DC14B3600E52208 /* AuthView.swift in Sources */,
				B228127E2DCA7D7200CDBF1E /* AppSettings.swift in Sources */,
				B23F38112DC607C200FD440B /* QuizConfig.swift in Sources */,
				B22812982DDC986B00CDBF1E /* HomeCardView.swift in Sources */,
				B22812D82DE5895F00CDBF1E /* ShuffledQuestion.swift in Sources */,
				B22812C02DE37DED00CDBF1E /* NavigationCard.swift in Sources */,
				B228129C2DDCD5F400CDBF1E /* ProgressBarView.swift in Sources */,
				B22812782DC6631500CDBF1E /* ProfileView.swift in Sources */,
				B22812CE2DE3802400CDBF1E /* HintButton.swift in Sources */,
				B2E59F592DC14C8000E52208 /* ThemeChangeView.swift in Sources */,
				B228128E2DCBD31900CDBF1E /* DetailedStatsView.swift in Sources */,
				B22812C32DE37E2500CDBF1E /* MorphButtonStyle.swift in Sources */,
				B2594A182DC392BF00ECA24A /* ResultsView.swift in Sources */,
				B2167F3E2DC0EAD200C1E216 /* QuizlyGitApp.swift in Sources */,
				B2594A122DC3923B00ECA24A /* ResultRow.swift in Sources */,
				B228127A2DC6633400CDBF1E /* StatisticsView.swift in Sources */,
				B2594A232DC4AC5A00ECA24A /* AnimatedMeshGradient.swift in Sources */,
				B2594A1D2DC3ABFA00ECA24A /* GameView.swift in Sources */,
				B2594A162DC3929700ECA24A /* ErrorView.swift in Sources */,
			);
			runOnlyForDeploymentPostprocessing = 0;
		};
/* End PBXSourcesBuildPhase section */

/* Begin PBXVariantGroup section */
		B22812AC2DE0BF2800CDBF1E /* Localizable.strings */ = {
			isa = PBXVariantGroup;
			children = (
				B22812AB2DE0BF2800CDBF1E /* en */,
				B22812B12DE0FE2300CDBF1E /* ru */,
			);
			name = Localizable.strings;
			sourceTree = "<group>";
		};
/* End PBXVariantGroup section */

/* Begin XCBuildConfiguration section */
		B2167F462DC0EAD400C1E216 /* Debug */ = {
			isa = XCBuildConfiguration;
			buildSettings = {
				ALWAYS_SEARCH_USER_PATHS = NO;
				ASSETCATALOG_COMPILER_GENERATE_SWIFT_ASSET_SYMBOL_EXTENSIONS = YES;
				CLANG_ANALYZER_LOCALIZABILITY_NONLOCALIZED = YES;
				CLANG_ANALYZER_NONNULL = YES;
				CLANG_ANALYZER_NUMBER_OBJECT_CONVERSION = YES_AGGRESSIVE;
				CLANG_CXX_LANGUAGE_STANDARD = "gnu++20";
				CLANG_ENABLE_MODULES = YES;
				CLANG_ENABLE_OBJC_ARC = YES;
				CLANG_ENABLE_OBJC_WEAK = YES;
				CLANG_WARN_BLOCK_CAPTURE_AUTORELEASING = YES;
				CLANG_WARN_BOOL_CONVERSION = YES;
				CLANG_WARN_COMMA = YES;
				CLANG_WARN_CONSTANT_CONVERSION = YES;
				CLANG_WARN_DEPRECATED_OBJC_IMPLEMENTATIONS = YES;
				CLANG_WARN_DIRECT_OBJC_ISA_USAGE = YES_ERROR;
				CLANG_WARN_DOCUMENTATION_COMMENTS = YES;
				CLANG_WARN_EMPTY_BODY = YES;
				CLANG_WARN_ENUM_CONVERSION = YES;
				CLANG_WARN_INFINITE_RECURSION = YES;
				CLANG_WARN_INT_CONVERSION = YES;
				CLANG_WARN_NON_LITERAL_NULL_CONVERSION = YES;
				CLANG_WARN_OBJC_IMPLICIT_RETAIN_SELF = YES;
				CLANG_WARN_OBJC_LITERAL_CONVERSION = YES;
				CLANG_WARN_OBJC_ROOT_CLASS = YES_ERROR;
				CLANG_WARN_QUOTED_INCLUDE_IN_FRAMEWORK_HEADER = YES;
				CLANG_WARN_RANGE_LOOP_ANALYSIS = YES;
				CLANG_WARN_STRICT_PROTOTYPES = YES;
				CLANG_WARN_SUSPICIOUS_MOVE = YES;
				CLANG_WARN_UNGUARDED_AVAILABILITY = YES_AGGRESSIVE;
				CLANG_WARN_UNREACHABLE_CODE = YES;
				CLANG_WARN__DUPLICATE_METHOD_MATCH = YES;
				COPY_PHASE_STRIP = NO;
				DEBUG_INFORMATION_FORMAT = dwarf;
				ENABLE_STRICT_OBJC_MSGSEND = YES;
				ENABLE_TESTABILITY = YES;
				ENABLE_USER_SCRIPT_SANDBOXING = YES;
				GCC_C_LANGUAGE_STANDARD = gnu17;
				GCC_DYNAMIC_NO_PIC = NO;
				GCC_NO_COMMON_BLOCKS = YES;
				GCC_OPTIMIZATION_LEVEL = 0;
				GCC_PREPROCESSOR_DEFINITIONS = (
					"DEBUG=1",
					"$(inherited)",
				);
				GCC_WARN_64_TO_32_BIT_CONVERSION = YES;
				GCC_WARN_ABOUT_RETURN_TYPE = YES_ERROR;
				GCC_WARN_UNDECLARED_SELECTOR = YES;
				GCC_WARN_UNINITIALIZED_AUTOS = YES_AGGRESSIVE;
				GCC_WARN_UNUSED_FUNCTION = YES;
				GCC_WARN_UNUSED_VARIABLE = YES;
				IPHONEOS_DEPLOYMENT_TARGET = 17.0;
				LOCALIZATION_PREFERS_STRING_CATALOGS = YES;
				MTL_ENABLE_DEBUG_INFO = INCLUDE_SOURCE;
				MTL_FAST_MATH = YES;
				ONLY_ACTIVE_ARCH = YES;
				SDKROOT = iphoneos;
				SWIFT_ACTIVE_COMPILATION_CONDITIONS = "DEBUG $(inherited)";
				SWIFT_OPTIMIZATION_LEVEL = "-Onone";
			};
			name = Debug;
		};
		B2167F472DC0EAD400C1E216 /* Release */ = {
			isa = XCBuildConfiguration;
			buildSettings = {
				ALWAYS_SEARCH_USER_PATHS = NO;
				ASSETCATALOG_COMPILER_GENERATE_SWIFT_ASSET_SYMBOL_EXTENSIONS = YES;
				CLANG_ANALYZER_LOCALIZABILITY_NONLOCALIZED = YES;
				CLANG_ANALYZER_NONNULL = YES;
				CLANG_ANALYZER_NUMBER_OBJECT_CONVERSION = YES_AGGRESSIVE;
				CLANG_CXX_LANGUAGE_STANDARD = "gnu++20";
				CLANG_ENABLE_MODULES = YES;
				CLANG_ENABLE_OBJC_ARC = YES;
				CLANG_ENABLE_OBJC_WEAK = YES;
				CLANG_WARN_BLOCK_CAPTURE_AUTORELEASING = YES;
				CLANG_WARN_BOOL_CONVERSION = YES;
				CLANG_WARN_COMMA = YES;
				CLANG_WARN_CONSTANT_CONVERSION = YES;
				CLANG_WARN_DEPRECATED_OBJC_IMPLEMENTATIONS = YES;
				CLANG_WARN_DIRECT_OBJC_ISA_USAGE = YES_ERROR;
				CLANG_WARN_DOCUMENTATION_COMMENTS = YES;
				CLANG_WARN_EMPTY_BODY = YES;
				CLANG_WARN_ENUM_CONVERSION = YES;
				CLANG_WARN_INFINITE_RECURSION = YES;
				CLANG_WARN_INT_CONVERSION = YES;
				CLANG_WARN_NON_LITERAL_NULL_CONVERSION = YES;
				CLANG_WARN_OBJC_IMPLICIT_RETAIN_SELF = YES;
				CLANG_WARN_OBJC_LITERAL_CONVERSION = YES;
				CLANG_WARN_OBJC_ROOT_CLASS = YES_ERROR;
				CLANG_WARN_QUOTED_INCLUDE_IN_FRAMEWORK_HEADER = YES;
				CLANG_WARN_RANGE_LOOP_ANALYSIS = YES;
				CLANG_WARN_STRICT_PROTOTYPES = YES;
				CLANG_WARN_SUSPICIOUS_MOVE = YES;
				CLANG_WARN_UNGUARDED_AVAILABILITY = YES_AGGRESSIVE;
				CLANG_WARN_UNREACHABLE_CODE = YES;
				CLANG_WARN__DUPLICATE_METHOD_MATCH = YES;
				COPY_PHASE_STRIP = NO;
				DEBUG_INFORMATION_FORMAT = "dwarf-with-dsym";
				ENABLE_NS_ASSERTIONS = NO;
				ENABLE_STRICT_OBJC_MSGSEND = YES;
				ENABLE_USER_SCRIPT_SANDBOXING = YES;
				GCC_C_LANGUAGE_STANDARD = gnu17;
				GCC_NO_COMMON_BLOCKS = YES;
				GCC_WARN_64_TO_32_BIT_CONVERSION = YES;
				GCC_WARN_ABOUT_RETURN_TYPE = YES_ERROR;
				GCC_WARN_UNDECLARED_SELECTOR = YES;
				GCC_WARN_UNINITIALIZED_AUTOS = YES_AGGRESSIVE;
				GCC_WARN_UNUSED_FUNCTION = YES;
				GCC_WARN_UNUSED_VARIABLE = YES;
				IPHONEOS_DEPLOYMENT_TARGET = 17.0;
				LOCALIZATION_PREFERS_STRING_CATALOGS = YES;
				MTL_ENABLE_DEBUG_INFO = NO;
				MTL_FAST_MATH = YES;
				SDKROOT = iphoneos;
				SWIFT_COMPILATION_MODE = wholemodule;
				VALIDATE_PRODUCT = YES;
			};
			name = Release;
		};
		B2167F492DC0EAD400C1E216 /* Debug */ = {
			isa = XCBuildConfiguration;
			buildSettings = {
				ASSETCATALOG_COMPILER_APPICON_NAME = AppIcon;
				ASSETCATALOG_COMPILER_GLOBAL_ACCENT_COLOR_NAME = AccentColor;
				CODE_SIGN_STYLE = Automatic;
				CURRENT_PROJECT_VERSION = 1;
				DEVELOPMENT_ASSET_PATHS = "\"QuizlyGit/Preview Content\"";
				ENABLE_PREVIEWS = YES;
				GENERATE_INFOPLIST_FILE = YES;
				INFOPLIST_KEY_UIApplicationSceneManifest_Generation = YES;
				INFOPLIST_KEY_UIApplicationSupportsIndirectInputEvents = YES;
				INFOPLIST_KEY_UILaunchScreen_Generation = YES;
				INFOPLIST_KEY_UILaunchStoryboardName = "";
				INFOPLIST_KEY_UISupportedInterfaceOrientations_iPad = "UIInterfaceOrientationPortrait UIInterfaceOrientationPortraitUpsideDown UIInterfaceOrientationLandscapeLeft UIInterfaceOrientationLandscapeRight";
				INFOPLIST_KEY_UISupportedInterfaceOrientations_iPhone = "UIInterfaceOrientationPortrait UIInterfaceOrientationLandscapeLeft UIInterfaceOrientationLandscapeRight";
				LD_RUNPATH_SEARCH_PATHS = (
					"$(inherited)",
					"@executable_path/Frameworks",
				);
				MARKETING_VERSION = 1.0;
				PRODUCT_BUNDLE_IDENTIFIER = My.QuizlyGit;
				PRODUCT_NAME = "$(TARGET_NAME)";
				SWIFT_EMIT_LOC_STRINGS = YES;
				SWIFT_VERSION = 5.0;
				TARGETED_DEVICE_FAMILY = "1,2";
			};
			name = Debug;
		};
		B2167F4A2DC0EAD400C1E216 /* Release */ = {
			isa = XCBuildConfiguration;
			buildSettings = {
				ASSETCATALOG_COMPILER_APPICON_NAME = AppIcon;
				ASSETCATALOG_COMPILER_GLOBAL_ACCENT_COLOR_NAME = AccentColor;
				CODE_SIGN_STYLE = Automatic;
				CURRENT_PROJECT_VERSION = 1;
				DEVELOPMENT_ASSET_PATHS = "\"QuizlyGit/Preview Content\"";
				ENABLE_PREVIEWS = YES;
				GENERATE_INFOPLIST_FILE = YES;
				INFOPLIST_KEY_UIApplicationSceneManifest_Generation = YES;
				INFOPLIST_KEY_UIApplicationSupportsIndirectInputEvents = YES;
				INFOPLIST_KEY_UILaunchScreen_Generation = YES;
				INFOPLIST_KEY_UILaunchStoryboardName = "";
				INFOPLIST_KEY_UISupportedInterfaceOrientations_iPad = "UIInterfaceOrientationPortrait UIInterfaceOrientationPortraitUpsideDown UIInterfaceOrientationLandscapeLeft UIInterfaceOrientationLandscapeRight";
				INFOPLIST_KEY_UISupportedInterfaceOrientations_iPhone = "UIInterfaceOrientationPortrait UIInterfaceOrientationLandscapeLeft UIInterfaceOrientationLandscapeRight";
				LD_RUNPATH_SEARCH_PATHS = (
					"$(inherited)",
					"@executable_path/Frameworks",
				);
				MARKETING_VERSION = 1.0;
				PRODUCT_BUNDLE_IDENTIFIER = My.QuizlyGit;
				PRODUCT_NAME = "$(TARGET_NAME)";
				SWIFT_EMIT_LOC_STRINGS = YES;
				SWIFT_VERSION = 5.0;
				TARGETED_DEVICE_FAMILY = "1,2";
			};
			name = Release;
		};
/* End XCBuildConfiguration section */

/* Begin XCConfigurationList section */
		B2167F352DC0EAD200C1E216 /* Build configuration list for PBXProject "QuizlyGit" */ = {
			isa = XCConfigurationList;
			buildConfigurations = (
				B2167F462DC0EAD400C1E216 /* Debug */,
				B2167F472DC0EAD400C1E216 /* Release */,
			);
			defaultConfigurationIsVisible = 0;
			defaultConfigurationName = Release;
		};
		B2167F482DC0EAD400C1E216 /* Build configuration list for PBXNativeTarget "QuizlyGit" */ = {
			isa = XCConfigurationList;
			buildConfigurations = (
				B2167F492DC0EAD400C1E216 /* Debug */,
				B2167F4A2DC0EAD400C1E216 /* Release */,
			);
			defaultConfigurationIsVisible = 0;
			defaultConfigurationName = Release;
		};
/* End XCConfigurationList section */

/* Begin XCRemoteSwiftPackageReference section */
		B2167F4D2DC0EC3A00C1E216 /* XCRemoteSwiftPackageReference "firebase-ios-sdk" */ = {
			isa = XCRemoteSwiftPackageReference;
			repositoryURL = "https://github.com/firebase/firebase-ios-sdk";
			requirement = {
				kind = upToNextMajorVersion;
				minimumVersion = 11.12.0;
			};
		};
/* End XCRemoteSwiftPackageReference section */

/* Begin XCSwiftPackageProductDependency section */
		B2167F4E2DC0EC3A00C1E216 /* FirebaseAppCheck */ = {
			isa = XCSwiftPackageProductDependency;
			package = B2167F4D2DC0EC3A00C1E216 /* XCRemoteSwiftPackageReference "firebase-ios-sdk" */;
			productName = FirebaseAppCheck;
		};
		B2167F522DC0EC3A00C1E216 /* FirebaseAuth */ = {
			isa = XCSwiftPackageProductDependency;
			package = B2167F4D2DC0EC3A00C1E216 /* XCRemoteSwiftPackageReference "firebase-ios-sdk" */;
			productName = FirebaseAuth;
		};
		B2167F562DC0EC3A00C1E216 /* FirebaseCore */ = {
			isa = XCSwiftPackageProductDependency;
			package = B2167F4D2DC0EC3A00C1E216 /* XCRemoteSwiftPackageReference "firebase-ios-sdk" */;
			productName = FirebaseCore;
		};
		B2167F582DC0EC3A00C1E216 /* FirebaseCrashlytics */ = {
			isa = XCSwiftPackageProductDependency;
			package = B2167F4D2DC0EC3A00C1E216 /* XCRemoteSwiftPackageReference "firebase-ios-sdk" */;
			productName = FirebaseCrashlytics;
		};
		B2167F5A2DC0EC3A00C1E216 /* FirebaseDatabase */ = {
			isa = XCSwiftPackageProductDependency;
			package = B2167F4D2DC0EC3A00C1E216 /* XCRemoteSwiftPackageReference "firebase-ios-sdk" */;
			productName = FirebaseDatabase;
		};
		B2167F5C2DC0EC3A00C1E216 /* FirebaseDynamicLinks */ = {
			isa = XCSwiftPackageProductDependency;
			package = B2167F4D2DC0EC3A00C1E216 /* XCRemoteSwiftPackageReference "firebase-ios-sdk" */;
			productName = FirebaseDynamicLinks;
		};
		B2167F5E2DC0EC3A00C1E216 /* FirebaseFirestore */ = {
			isa = XCSwiftPackageProductDependency;
			package = B2167F4D2DC0EC3A00C1E216 /* XCRemoteSwiftPackageReference "firebase-ios-sdk" */;
			productName = FirebaseFirestore;
		};
		B2167F622DC0EC3A00C1E216 /* FirebaseFunctions */ = {
			isa = XCSwiftPackageProductDependency;
			package = B2167F4D2DC0EC3A00C1E216 /* XCRemoteSwiftPackageReference "firebase-ios-sdk" */;
			productName = FirebaseFunctions;
		};
		B2167F682DC0EC3A00C1E216 /* FirebaseInstallations */ = {
			isa = XCSwiftPackageProductDependency;
			package = B2167F4D2DC0EC3A00C1E216 /* XCRemoteSwiftPackageReference "firebase-ios-sdk" */;
			productName = FirebaseInstallations;
		};
		B2167F6A2DC0EC3A00C1E216 /* FirebaseMLModelDownloader */ = {
			isa = XCSwiftPackageProductDependency;
			package = B2167F4D2DC0EC3A00C1E216 /* XCRemoteSwiftPackageReference "firebase-ios-sdk" */;
			productName = FirebaseMLModelDownloader;
		};
		B2167F6C2DC0EC3A00C1E216 /* FirebaseMessaging */ = {
			isa = XCSwiftPackageProductDependency;
			package = B2167F4D2DC0EC3A00C1E216 /* XCRemoteSwiftPackageReference "firebase-ios-sdk" */;
			productName = FirebaseMessaging;
		};
		B2167F6E2DC0EC3A00C1E216 /* FirebasePerformance */ = {
			isa = XCSwiftPackageProductDependency;
			package = B2167F4D2DC0EC3A00C1E216 /* XCRemoteSwiftPackageReference "firebase-ios-sdk" */;
			productName = FirebasePerformance;
		};
		B2167F702DC0EC3A00C1E216 /* FirebaseRemoteConfig */ = {
			isa = XCSwiftPackageProductDependency;
			package = B2167F4D2DC0EC3A00C1E216 /* XCRemoteSwiftPackageReference "firebase-ios-sdk" */;
			productName = FirebaseRemoteConfig;
		};
		B2167F722DC0EC3A00C1E216 /* FirebaseStorage */ = {
			isa = XCSwiftPackageProductDependency;
			package = B2167F4D2DC0EC3A00C1E216 /* XCRemoteSwiftPackageReference "firebase-ios-sdk" */;
			productName = FirebaseStorage;
		};
		B2167F742DC0EC3A00C1E216 /* FirebaseStorageCombine-Community */ = {
			isa = XCSwiftPackageProductDependency;
			package = B2167F4D2DC0EC3A00C1E216 /* XCRemoteSwiftPackageReference "firebase-ios-sdk" */;
			productName = "FirebaseStorageCombine-Community";
		};
		B2167F762DC0EC3A00C1E216 /* FirebaseVertexAI */ = {
			isa = XCSwiftPackageProductDependency;
			package = B2167F4D2DC0EC3A00C1E216 /* XCRemoteSwiftPackageReference "firebase-ios-sdk" */;
			productName = FirebaseVertexAI;
		};
/* End XCSwiftPackageProductDependency section */
	};
	rootObject = B2167F322DC0EAD200C1E216 /* Project object */;
}
